PODS:
  - RxBinding (0.4.1):
    - RxCocoa (>= 6.0.0-rc.1)
    - RxSwift (>= 6.0.0-rc.1)
  - RxCocoa (6.0.0-rc.1):
    - RxRelay (= 6.0.0-rc.1)
    - RxSwift (= 6.0.0-rc.1)
  - RxRelay (6.0.0-rc.1):
    - RxSwift (= 6.0.0-rc.1)
  - RxSwift (6.0.0-rc.1)
  - SnapKit (5.0.1)

DEPENDENCIES:
  - RxBinding (from `../../`)
  - SnapKit

SPEC REPOS:
  trunk:
    - RxCocoa
    - RxRelay
    - RxSwift
    - SnapKit

EXTERNAL SOURCES:
  RxBinding:
    :path: "../../"

SPEC CHECKSUMS:
  RxBinding: 95fcc0d42f39c6727132e15418d46fdf5ed93a7a
  RxCocoa: a28d75145c07b7547b85faf1e1ad8b25af88a752
  RxRelay: 56abad6d32f73567858506d08735fdb341935b9a
  RxSwift: dae1a32c48148897494b9e2a6b00a68b40694236
  SnapKit: 97b92857e3df3a0c71833cce143274bf6ef8e5eb

PODFILE CHECKSUM: 3dc791eedabb6208496ff999c24c1b9d6b616432

COCOAPODS: 1.10.0.rc.1
